
Microsoft Visual Studio Solution File, Format Version 12.00
# Visual Studio Version 16
VisualStudioVersion = 16.0.31112.23
MinimumVisualStudioVersion = 10.0.40219.1
Project("{FAE04EC0-301F-11D3-BF4B-00C04F79EFBC}") = "GestaoFacil.AppMvc", "src\GestaoFacil.AppMvc\GestaoFacil.AppMvc.csproj", "{35EA2DBB-C3C1-4B3F-BA28-D569FCA610F3}"
EndProject
Project("{FAE04EC0-301F-11D3-BF4B-00C04F79EFBC}") = "GestaoFacil.Business", "src\GestaoFacil.Business\GestaoFacil.Business.csproj", "{49868673-E38F-4158-8478-2DE1686C179A}"
EndProject
Project("{FAE04EC0-301F-11D3-BF4B-00C04F79EFBC}") = "GestaoFacil.infra", "src\GestaoFacil.infra\GestaoFacil.infra.csproj", "{2B72EA72-940B-44A3-BAD4-CE257962F3B3}"
EndProject
Global
	GlobalSection(SolutionConfigurationPlatforms) = preSolution
		Debug|Any CPU = Debug|Any CPU
		Release|Any CPU = Release|Any CPU
	EndGlobalSection
	GlobalSection(ProjectConfigurationPlatforms) = postSolution
		{35EA2DBB-C3C1-4B3F-BA28-D569FCA610F3}.Debug|Any CPU.ActiveCfg = Debug|Any CPU
		{35EA2DBB-C3C1-4B3F-BA28-D569FCA610F3}.Debug|Any CPU.Build.0 = Debug|Any CPU
		{35EA2DBB-C3C1-4B3F-BA28-D569FCA610F3}.Release|Any CPU.ActiveCfg = Release|Any CPU
		{35EA2DBB-C3C1-4B3F-BA28-D569FCA610F3}.Release|Any CPU.Build.0 = Release|Any CPU
		{49868673-E38F-4158-8478-2DE1686C179A}.Debug|Any CPU.ActiveCfg = Debug|Any CPU
		{49868673-E38F-4158-8478-2DE1686C179A}.Debug|Any CPU.Build.0 = Debug|Any CPU
		{49868673-E38F-4158-8478-2DE1686C179A}.Release|Any CPU.ActiveCfg = Release|Any CPU
		{49868673-E38F-4158-8478-2DE1686C179A}.Release|Any CPU.Build.0 = Release|Any CPU
		{2B72EA72-940B-44A3-BAD4-CE257962F3B3}.Debug|Any CPU.ActiveCfg = Debug|Any CPU
		{2B72EA72-940B-44A3-BAD4-CE257962F3B3}.Debug|Any CPU.Build.0 = Debug|Any CPU
		{2B72EA72-940B-44A3-BAD4-CE257962F3B3}.Release|Any CPU.ActiveCfg = Release|Any CPU
		{2B72EA72-940B-44A3-BAD4-CE257962F3B3}.Release|Any CPU.Build.0 = Release|Any CPU
	EndGlobalSection
	GlobalSection(SolutionProperties) = preSolution
		HideSolutionNode = FALSE
	EndGlobalSection
	GlobalSection(ExtensibilityGlobals) = postSolution
		SolutionGuid = {12A65DAB-38BC-4C6E-A8C0-88F6A14C2B25}
	EndGlobalSection
EndGlobal
